
Microsoft Visual Studio Solution File, Format Version 12.00
# Visual Studio Version 17
VisualStudioVersion = 17.14.36202.13
MinimumVisualStudioVersion = 10.0.40219.1
Project("{FAE04EC0-301F-11D3-BF4B-00C04F79EFBC}") = "StructureProgramming", "StructureProgramming\StructureProgramming.csproj", "{E8210B65-8086-4F7C-841A-2E281CFA62D3}"
EndProject
Project("{FAE04EC0-301F-11D3-BF4B-00C04F79EFBC}") = "ObjectOrientedProgramming", "ObjectOrientedProgramming\ObjectOrientedProgramming.csproj", "{016DF120-E3F6-4098-A1A2-2768EE510DB9}"
EndProject
Project("{FAE04EC0-301F-11D3-BF4B-00C04F79EFBC}") = "FunctionalProgramming", "FunctionalProgramming\FunctionalProgramming.csproj", "{456FCCC2-4142-41A4-B5F3-B437F058A187}"
EndProject
Project("{FAE04EC0-301F-11D3-BF4B-00C04F79EFBC}") = "SOLID", "SOLID\SOLID.csproj", "{DD88A50D-B33A-4F3C-9267-179AD1A8A8A3}"
EndProject
Project("{FAE04EC0-301F-11D3-BF4B-00C04F79EFBC}") = "HexagonalArchitectureIntroduction", "HexagonalArchitecture\HexagonalArchitectureIntroduction.csproj", "{05ABF19A-41D5-47B4-941A-E6DAE65243D0}"
EndProject
Project("{2150E333-8FDC-42A3-9474-1A3956D46DE8}") = "HexagonalArchitectureMinimal", "HexagonalArchitectureMinimal", "{02EA681E-C7D8-13C7-8484-4AC65E1B71E8}"
EndProject
Project("{FAE04EC0-301F-11D3-BF4B-00C04F79EFBC}") = "Domain", "Domain\Domain.csproj", "{E14FE940-241F-47ED-B936-B223DA2D9A70}"
EndProject
Project("{FAE04EC0-301F-11D3-BF4B-00C04F79EFBC}") = "JsonRepository", "JsonRepository\JsonRepository.csproj", "{488978A9-2C9E-4083-AEDB-52F5CC5F2036}"
EndProject
Project("{FAE04EC0-301F-11D3-BF4B-00C04F79EFBC}") = "ConsoleApp", "ConsoleApp\ConsoleApp.csproj", "{C04CE3A4-C127-4AE8-8568-A6300BF116A9}"
EndProject
Global
	GlobalSection(SolutionConfigurationPlatforms) = preSolution
		Debug|Any CPU = Debug|Any CPU
		Release|Any CPU = Release|Any CPU
	EndGlobalSection
	GlobalSection(ProjectConfigurationPlatforms) = postSolution
		{E8210B65-8086-4F7C-841A-2E281CFA62D3}.Debug|Any CPU.ActiveCfg = Debug|Any CPU
		{E8210B65-8086-4F7C-841A-2E281CFA62D3}.Debug|Any CPU.Build.0 = Debug|Any CPU
		{E8210B65-8086-4F7C-841A-2E281CFA62D3}.Release|Any CPU.ActiveCfg = Release|Any CPU
		{E8210B65-8086-4F7C-841A-2E281CFA62D3}.Release|Any CPU.Build.0 = Release|Any CPU
		{016DF120-E3F6-4098-A1A2-2768EE510DB9}.Debug|Any CPU.ActiveCfg = Debug|Any CPU
		{016DF120-E3F6-4098-A1A2-2768EE510DB9}.Debug|Any CPU.Build.0 = Debug|Any CPU
		{016DF120-E3F6-4098-A1A2-2768EE510DB9}.Release|Any CPU.ActiveCfg = Release|Any CPU
		{016DF120-E3F6-4098-A1A2-2768EE510DB9}.Release|Any CPU.Build.0 = Release|Any CPU
		{456FCCC2-4142-41A4-B5F3-B437F058A187}.Debug|Any CPU.ActiveCfg = Debug|Any CPU
		{456FCCC2-4142-41A4-B5F3-B437F058A187}.Debug|Any CPU.Build.0 = Debug|Any CPU
		{456FCCC2-4142-41A4-B5F3-B437F058A187}.Release|Any CPU.ActiveCfg = Release|Any CPU
		{456FCCC2-4142-41A4-B5F3-B437F058A187}.Release|Any CPU.Build.0 = Release|Any CPU
		{DD88A50D-B33A-4F3C-9267-179AD1A8A8A3}.Debug|Any CPU.ActiveCfg = Debug|Any CPU
		{DD88A50D-B33A-4F3C-9267-179AD1A8A8A3}.Debug|Any CPU.Build.0 = Debug|Any CPU
		{DD88A50D-B33A-4F3C-9267-179AD1A8A8A3}.Release|Any CPU.ActiveCfg = Release|Any CPU
		{DD88A50D-B33A-4F3C-9267-179AD1A8A8A3}.Release|Any CPU.Build.0 = Release|Any CPU
		{05ABF19A-41D5-47B4-941A-E6DAE65243D0}.Debug|Any CPU.ActiveCfg = Debug|Any CPU
		{05ABF19A-41D5-47B4-941A-E6DAE65243D0}.Debug|Any CPU.Build.0 = Debug|Any CPU
		{05ABF19A-41D5-47B4-941A-E6DAE65243D0}.Release|Any CPU.ActiveCfg = Release|Any CPU
		{05ABF19A-41D5-47B4-941A-E6DAE65243D0}.Release|Any CPU.Build.0 = Release|Any CPU
		{E14FE940-241F-47ED-B936-B223DA2D9A70}.Debug|Any CPU.ActiveCfg = Debug|Any CPU
		{E14FE940-241F-47ED-B936-B223DA2D9A70}.Debug|Any CPU.Build.0 = Debug|Any CPU
		{E14FE940-241F-47ED-B936-B223DA2D9A70}.Release|Any CPU.ActiveCfg = Release|Any CPU
		{E14FE940-241F-47ED-B936-B223DA2D9A70}.Release|Any CPU.Build.0 = Release|Any CPU
		{488978A9-2C9E-4083-AEDB-52F5CC5F2036}.Debug|Any CPU.ActiveCfg = Debug|Any CPU
		{488978A9-2C9E-4083-AEDB-52F5CC5F2036}.Debug|Any CPU.Build.0 = Debug|Any CPU
		{488978A9-2C9E-4083-AEDB-52F5CC5F2036}.Release|Any CPU.ActiveCfg = Release|Any CPU
		{488978A9-2C9E-4083-AEDB-52F5CC5F2036}.Release|Any CPU.Build.0 = Release|Any CPU
		{C04CE3A4-C127-4AE8-8568-A6300BF116A9}.Debug|Any CPU.ActiveCfg = Debug|Any CPU
		{C04CE3A4-C127-4AE8-8568-A6300BF116A9}.Debug|Any CPU.Build.0 = Debug|Any CPU
		{C04CE3A4-C127-4AE8-8568-A6300BF116A9}.Release|Any CPU.ActiveCfg = Release|Any CPU
		{C04CE3A4-C127-4AE8-8568-A6300BF116A9}.Release|Any CPU.Build.0 = Release|Any CPU
	EndGlobalSection
	GlobalSection(SolutionProperties) = preSolution
		HideSolutionNode = FALSE
	EndGlobalSection
	GlobalSection(NestedProjects) = preSolution
		{E14FE940-241F-47ED-B936-B223DA2D9A70} = {02EA681E-C7D8-13C7-8484-4AC65E1B71E8}
		{488978A9-2C9E-4083-AEDB-52F5CC5F2036} = {02EA681E-C7D8-13C7-8484-4AC65E1B71E8}
		{C04CE3A4-C127-4AE8-8568-A6300BF116A9} = {02EA681E-C7D8-13C7-8484-4AC65E1B71E8}
	EndGlobalSection
	GlobalSection(ExtensibilityGlobals) = postSolution
		SolutionGuid = {60429F61-442B-484E-A63F-DBA54F2E5A91}
	EndGlobalSection
EndGlobal
