
Microsoft Visual Studio Solution File, Format Version 12.00
# Visual Studio Version 17
VisualStudioVersion = 17.14.36202.13
MinimumVisualStudioVersion = 10.0.40219.1
Project("{FAE04EC0-301F-11D3-BF4B-00C04F79EFBC}") = "StructureProgramming", "StructureProgramming\StructureProgramming.csproj", "{E8210B65-8086-4F7C-841A-2E281CFA62D3}"
	ProjectSection(ProjectDependencies) = postProject
		{488978A9-2C9E-4083-AEDB-52F5CC5F2036} = {488978A9-2C9E-4083-AEDB-52F5CC5F2036}
		{E14FE940-241F-47ED-B936-B223DA2D9A70} = {E14FE940-241F-47ED-B936-B223DA2D9A70}
	EndProjectSection
EndProject
Project("{FAE04EC0-301F-11D3-BF4B-00C04F79EFBC}") = "ObjectOrientedProgramming", "ObjectOrientedProgramming\ObjectOrientedProgramming.csproj", "{016DF120-E3F6-4098-A1A2-2768EE510DB9}"
EndProject
Project("{FAE04EC0-301F-11D3-BF4B-00C04F79EFBC}") = "FunctionalProgramming", "FunctionalProgramming\FunctionalProgramming.csproj", "{456FCCC2-4142-41A4-B5F3-B437F058A187}"
EndProject
Project("{FAE04EC0-301F-11D3-BF4B-00C04F79EFBC}") = "SOLID", "SOLID\SOLID.csproj", "{DD88A50D-B33A-4F3C-9267-179AD1A8A8A3}"
EndProject
Project("{FAE04EC0-301F-11D3-BF4B-00C04F79EFBC}") = "HexagonalArchitectureIntroduction", "HexagonalArchitecture\HexagonalArchitectureIntroduction.csproj", "{05ABF19A-41D5-47B4-941A-E6DAE65243D0}"
EndProject
Project("{2150E333-8FDC-42A3-9474-1A3956D46DE8}") = "HexagonalArchitectureMinimal", "HexagonalArchitectureMinimal", "{02EA681E-C7D8-13C7-8484-4AC65E1B71E8}"
EndProject
Project("{FAE04EC0-301F-11D3-BF4B-00C04F79EFBC}") = "Domain", "Domain\Domain.csproj", "{E14FE940-241F-47ED-B936-B223DA2D9A70}"
EndProject
Project("{FAE04EC0-301F-11D3-BF4B-00C04F79EFBC}") = "JsonRepository", "JsonRepository\JsonRepository.csproj", "{488978A9-2C9E-4083-AEDB-52F5CC5F2036}"
EndProject
Project("{FAE04EC0-301F-11D3-BF4B-00C04F79EFBC}") = "ConsoleApp", "ConsoleApp\ConsoleApp.csproj", "{C04CE3A4-C127-4AE8-8568-A6300BF116A9}"
EndProject
Project("{FAE04EC0-301F-11D3-BF4B-00C04F79EFBC}") = "API", "API\API.csproj", "{C73B22A0-B501-411E-B8E3-F1BE04CA62FE}"
EndProject
Project("{FAE04EC0-301F-11D3-BF4B-00C04F79EFBC}") = "XMLRepository", "XMLRepository\XMLRepository.csproj", "{53C62586-532E-4C74-9526-0FE71655DEC7}"
EndProject
Project("{2150E333-8FDC-42A3-9474-1A3956D46DE8}") = "HexagonalArchitecture", "HexagonalArchitecture", "{43C1CA6F-9D95-4A12-B465-D7E5E79B83A6}"
EndProject
Project("{FAE04EC0-301F-11D3-BF4B-00C04F79EFBC}") = "DomainComponent", "DomainComponent\DomainComponent.csproj", "{B9AE0CAA-110C-4036-B697-EB7910A63E47}"
EndProject
Project("{FAE04EC0-301F-11D3-BF4B-00C04F79EFBC}") = "ApplicationComponent", "ApplicationComponent\ApplicationComponent.csproj", "{EF0FEE48-537A-4B55-B45E-ACB024325D50}"
EndProject
Project("{FAE04EC0-301F-11D3-BF4B-00C04F79EFBC}") = "RepositoryComponent", "RepositoryComponent\RepositoryComponent.csproj", "{8BFCA980-E549-4685-A5E5-3A028EA170C0}"
EndProject
Project("{FAE04EC0-301F-11D3-BF4B-00C04F79EFBC}") = "ConsoleAppItems", "ConsoleAppItems\ConsoleAppItems.csproj", "{F4941AEB-D41F-4459-AB3E-3C58E72FB150}"
EndProject
Global
	GlobalSection(SolutionConfigurationPlatforms) = preSolution
		Debug|Any CPU = Debug|Any CPU
		Release|Any CPU = Release|Any CPU
	EndGlobalSection
	GlobalSection(ProjectConfigurationPlatforms) = postSolution
		{E8210B65-8086-4F7C-841A-2E281CFA62D3}.Debug|Any CPU.ActiveCfg = Debug|Any CPU
		{E8210B65-8086-4F7C-841A-2E281CFA62D3}.Debug|Any CPU.Build.0 = Debug|Any CPU
		{E8210B65-8086-4F7C-841A-2E281CFA62D3}.Release|Any CPU.ActiveCfg = Release|Any CPU
		{E8210B65-8086-4F7C-841A-2E281CFA62D3}.Release|Any CPU.Build.0 = Release|Any CPU
		{016DF120-E3F6-4098-A1A2-2768EE510DB9}.Debug|Any CPU.ActiveCfg = Debug|Any CPU
		{016DF120-E3F6-4098-A1A2-2768EE510DB9}.Debug|Any CPU.Build.0 = Debug|Any CPU
		{016DF120-E3F6-4098-A1A2-2768EE510DB9}.Release|Any CPU.ActiveCfg = Release|Any CPU
		{016DF120-E3F6-4098-A1A2-2768EE510DB9}.Release|Any CPU.Build.0 = Release|Any CPU
		{456FCCC2-4142-41A4-B5F3-B437F058A187}.Debug|Any CPU.ActiveCfg = Debug|Any CPU
		{456FCCC2-4142-41A4-B5F3-B437F058A187}.Debug|Any CPU.Build.0 = Debug|Any CPU
		{456FCCC2-4142-41A4-B5F3-B437F058A187}.Release|Any CPU.ActiveCfg = Release|Any CPU
		{456FCCC2-4142-41A4-B5F3-B437F058A187}.Release|Any CPU.Build.0 = Release|Any CPU
		{DD88A50D-B33A-4F3C-9267-179AD1A8A8A3}.Debug|Any CPU.ActiveCfg = Debug|Any CPU
		{DD88A50D-B33A-4F3C-9267-179AD1A8A8A3}.Debug|Any CPU.Build.0 = Debug|Any CPU
		{DD88A50D-B33A-4F3C-9267-179AD1A8A8A3}.Release|Any CPU.ActiveCfg = Release|Any CPU
		{DD88A50D-B33A-4F3C-9267-179AD1A8A8A3}.Release|Any CPU.Build.0 = Release|Any CPU
		{05ABF19A-41D5-47B4-941A-E6DAE65243D0}.Debug|Any CPU.ActiveCfg = Debug|Any CPU
		{05ABF19A-41D5-47B4-941A-E6DAE65243D0}.Debug|Any CPU.Build.0 = Debug|Any CPU
		{05ABF19A-41D5-47B4-941A-E6DAE65243D0}.Release|Any CPU.ActiveCfg = Release|Any CPU
		{05ABF19A-41D5-47B4-941A-E6DAE65243D0}.Release|Any CPU.Build.0 = Release|Any CPU
		{E14FE940-241F-47ED-B936-B223DA2D9A70}.Debug|Any CPU.ActiveCfg = Debug|Any CPU
		{E14FE940-241F-47ED-B936-B223DA2D9A70}.Debug|Any CPU.Build.0 = Debug|Any CPU
		{E14FE940-241F-47ED-B936-B223DA2D9A70}.Release|Any CPU.ActiveCfg = Release|Any CPU
		{E14FE940-241F-47ED-B936-B223DA2D9A70}.Release|Any CPU.Build.0 = Release|Any CPU
		{488978A9-2C9E-4083-AEDB-52F5CC5F2036}.Debug|Any CPU.ActiveCfg = Debug|Any CPU
		{488978A9-2C9E-4083-AEDB-52F5CC5F2036}.Debug|Any CPU.Build.0 = Debug|Any CPU
		{488978A9-2C9E-4083-AEDB-52F5CC5F2036}.Release|Any CPU.ActiveCfg = Release|Any CPU
		{488978A9-2C9E-4083-AEDB-52F5CC5F2036}.Release|Any CPU.Build.0 = Release|Any CPU
		{C04CE3A4-C127-4AE8-8568-A6300BF116A9}.Debug|Any CPU.ActiveCfg = Debug|Any CPU
		{C04CE3A4-C127-4AE8-8568-A6300BF116A9}.Debug|Any CPU.Build.0 = Debug|Any CPU
		{C04CE3A4-C127-4AE8-8568-A6300BF116A9}.Release|Any CPU.ActiveCfg = Release|Any CPU
		{C04CE3A4-C127-4AE8-8568-A6300BF116A9}.Release|Any CPU.Build.0 = Release|Any CPU
		{C73B22A0-B501-411E-B8E3-F1BE04CA62FE}.Debug|Any CPU.ActiveCfg = Debug|Any CPU
		{C73B22A0-B501-411E-B8E3-F1BE04CA62FE}.Debug|Any CPU.Build.0 = Debug|Any CPU
		{C73B22A0-B501-411E-B8E3-F1BE04CA62FE}.Release|Any CPU.ActiveCfg = Release|Any CPU
		{C73B22A0-B501-411E-B8E3-F1BE04CA62FE}.Release|Any CPU.Build.0 = Release|Any CPU
		{53C62586-532E-4C74-9526-0FE71655DEC7}.Debug|Any CPU.ActiveCfg = Debug|Any CPU
		{53C62586-532E-4C74-9526-0FE71655DEC7}.Debug|Any CPU.Build.0 = Debug|Any CPU
		{53C62586-532E-4C74-9526-0FE71655DEC7}.Release|Any CPU.ActiveCfg = Release|Any CPU
		{53C62586-532E-4C74-9526-0FE71655DEC7}.Release|Any CPU.Build.0 = Release|Any CPU
		{B9AE0CAA-110C-4036-B697-EB7910A63E47}.Debug|Any CPU.ActiveCfg = Debug|Any CPU
		{B9AE0CAA-110C-4036-B697-EB7910A63E47}.Debug|Any CPU.Build.0 = Debug|Any CPU
		{B9AE0CAA-110C-4036-B697-EB7910A63E47}.Release|Any CPU.ActiveCfg = Release|Any CPU
		{B9AE0CAA-110C-4036-B697-EB7910A63E47}.Release|Any CPU.Build.0 = Release|Any CPU
		{EF0FEE48-537A-4B55-B45E-ACB024325D50}.Debug|Any CPU.ActiveCfg = Debug|Any CPU
		{EF0FEE48-537A-4B55-B45E-ACB024325D50}.Debug|Any CPU.Build.0 = Debug|Any CPU
		{EF0FEE48-537A-4B55-B45E-ACB024325D50}.Release|Any CPU.ActiveCfg = Release|Any CPU
		{EF0FEE48-537A-4B55-B45E-ACB024325D50}.Release|Any CPU.Build.0 = Release|Any CPU
		{8BFCA980-E549-4685-A5E5-3A028EA170C0}.Debug|Any CPU.ActiveCfg = Debug|Any CPU
		{8BFCA980-E549-4685-A5E5-3A028EA170C0}.Debug|Any CPU.Build.0 = Debug|Any CPU
		{8BFCA980-E549-4685-A5E5-3A028EA170C0}.Release|Any CPU.ActiveCfg = Release|Any CPU
		{8BFCA980-E549-4685-A5E5-3A028EA170C0}.Release|Any CPU.Build.0 = Release|Any CPU
		{F4941AEB-D41F-4459-AB3E-3C58E72FB150}.Debug|Any CPU.ActiveCfg = Debug|Any CPU
		{F4941AEB-D41F-4459-AB3E-3C58E72FB150}.Debug|Any CPU.Build.0 = Debug|Any CPU
		{F4941AEB-D41F-4459-AB3E-3C58E72FB150}.Release|Any CPU.ActiveCfg = Release|Any CPU
		{F4941AEB-D41F-4459-AB3E-3C58E72FB150}.Release|Any CPU.Build.0 = Release|Any CPU
	EndGlobalSection
	GlobalSection(SolutionProperties) = preSolution
		HideSolutionNode = FALSE
	EndGlobalSection
	GlobalSection(NestedProjects) = preSolution
		{E14FE940-241F-47ED-B936-B223DA2D9A70} = {02EA681E-C7D8-13C7-8484-4AC65E1B71E8}
		{488978A9-2C9E-4083-AEDB-52F5CC5F2036} = {02EA681E-C7D8-13C7-8484-4AC65E1B71E8}
		{C04CE3A4-C127-4AE8-8568-A6300BF116A9} = {02EA681E-C7D8-13C7-8484-4AC65E1B71E8}
		{C73B22A0-B501-411E-B8E3-F1BE04CA62FE} = {02EA681E-C7D8-13C7-8484-4AC65E1B71E8}
		{53C62586-532E-4C74-9526-0FE71655DEC7} = {02EA681E-C7D8-13C7-8484-4AC65E1B71E8}
		{B9AE0CAA-110C-4036-B697-EB7910A63E47} = {43C1CA6F-9D95-4A12-B465-D7E5E79B83A6}
		{EF0FEE48-537A-4B55-B45E-ACB024325D50} = {43C1CA6F-9D95-4A12-B465-D7E5E79B83A6}
		{8BFCA980-E549-4685-A5E5-3A028EA170C0} = {43C1CA6F-9D95-4A12-B465-D7E5E79B83A6}
		{F4941AEB-D41F-4459-AB3E-3C58E72FB150} = {43C1CA6F-9D95-4A12-B465-D7E5E79B83A6}
	EndGlobalSection
	GlobalSection(ExtensibilityGlobals) = postSolution
		SolutionGuid = {60429F61-442B-484E-A63F-DBA54F2E5A91}
	EndGlobalSection
EndGlobal
